
Microsoft Visual Studio Solution File, Format Version 12.00
# Visual Studio Version 17
VisualStudioVersion = 17.9.34701.34
MinimumVisualStudioVersion = 10.0.40219.1
Project("{9A19103F-16F7-4668-BE54-9A1E7A4F7556}") = "LMS.API", "LMS.API\LMS.API.csproj", "{D8A56E8E-F2FB-487A-9268-E2ADCB0C8BB8}"
EndProject
Project("{9A19103F-16F7-4668-BE54-9A1E7A4F7556}") = "LMS.BusinessLogic", "LMS.BusinessLogic\LMS.BusinessLogic.csproj", "{99382AB7-1A81-45E6-9D0C-7B277CCAD84D}"
EndProject
Project("{FAE04EC0-301F-11D3-BF4B-00C04F79EFBC}") = "LMS.Core", "LMS.Core\LMS.Core.csproj", "{04312730-6670-499E-96BA-57A1CFA6C24B}"
EndProject
Project("{9A19103F-16F7-4668-BE54-9A1E7A4F7556}") = "LMS.DataAccess", "LMS.DataAccess\LMS.DataAccess.csproj", "{18442631-3515-4DB6-95B3-85B02D03A1A5}"
EndProject
Project("{2150E333-8FDC-42A3-9474-1A3956D46DE8}") = "Solution Items", "Solution Items", "{820AE5A4-9646-4949-A195-B0BC1A732DEF}"
EndProject
Global
	GlobalSection(SolutionConfigurationPlatforms) = preSolution
		Debug|Any CPU = Debug|Any CPU
		Release|Any CPU = Release|Any CPU
	EndGlobalSection
	GlobalSection(ProjectConfigurationPlatforms) = postSolution
		{D8A56E8E-F2FB-487A-9268-E2ADCB0C8BB8}.Debug|Any CPU.ActiveCfg = Debug|Any CPU
		{D8A56E8E-F2FB-487A-9268-E2ADCB0C8BB8}.Debug|Any CPU.Build.0 = Debug|Any CPU
		{D8A56E8E-F2FB-487A-9268-E2ADCB0C8BB8}.Release|Any CPU.ActiveCfg = Release|Any CPU
		{D8A56E8E-F2FB-487A-9268-E2ADCB0C8BB8}.Release|Any CPU.Build.0 = Release|Any CPU
		{99382AB7-1A81-45E6-9D0C-7B277CCAD84D}.Debug|Any CPU.ActiveCfg = Debug|Any CPU
		{99382AB7-1A81-45E6-9D0C-7B277CCAD84D}.Debug|Any CPU.Build.0 = Debug|Any CPU
		{99382AB7-1A81-45E6-9D0C-7B277CCAD84D}.Release|Any CPU.ActiveCfg = Release|Any CPU
		{99382AB7-1A81-45E6-9D0C-7B277CCAD84D}.Release|Any CPU.Build.0 = Release|Any CPU
		{04312730-6670-499E-96BA-57A1CFA6C24B}.Debug|Any CPU.ActiveCfg = Debug|Any CPU
		{04312730-6670-499E-96BA-57A1CFA6C24B}.Debug|Any CPU.Build.0 = Debug|Any CPU
		{04312730-6670-499E-96BA-57A1CFA6C24B}.Release|Any CPU.ActiveCfg = Release|Any CPU
		{04312730-6670-499E-96BA-57A1CFA6C24B}.Release|Any CPU.Build.0 = Release|Any CPU
		{18442631-3515-4DB6-95B3-85B02D03A1A5}.Debug|Any CPU.ActiveCfg = Debug|Any CPU
		{18442631-3515-4DB6-95B3-85B02D03A1A5}.Debug|Any CPU.Build.0 = Debug|Any CPU
		{18442631-3515-4DB6-95B3-85B02D03A1A5}.Release|Any CPU.ActiveCfg = Release|Any CPU
		{18442631-3515-4DB6-95B3-85B02D03A1A5}.Release|Any CPU.Build.0 = Release|Any CPU
	EndGlobalSection
	GlobalSection(SolutionProperties) = preSolution
		HideSolutionNode = FALSE
	EndGlobalSection
	GlobalSection(ExtensibilityGlobals) = postSolution
		SolutionGuid = {5FEC01C7-7140-4F10-9D5A-DE56C5924A08}
	EndGlobalSection
EndGlobal
